PODS:
  - FBSnapshotTestCase (2.0.7):
    - FBSnapshotTestCase/SwiftSupport (= 2.0.7)
  - FBSnapshotTestCase/Core (2.0.7)
  - FBSnapshotTestCase/SwiftSupport (2.0.7):
    - FBSnapshotTestCase/Core
  - NSString-Helper (1.0.2)

DEPENDENCIES:
  - FBSnapshotTestCase
  - NSString-Helper (from `../`)

EXTERNAL SOURCES:
  NSString-Helper:
    :path: "../"

SPEC CHECKSUMS:
  FBSnapshotTestCase: 7e85180d0d141a0cf472352edda7e80d7eaeb547
  NSString-Helper: 0ee74919829a332f9838fa87b28cb2d1d991e92c

PODFILE CHECKSUM: a88b2ea7b96d7de499d212328481d74fcf022692

COCOAPODS: 1.0.0.beta.2
