PODS:
  - FBSnapshotTestCase (2.1.0):
    - FBSnapshotTestCase/SwiftSupport (= 2.1.0)
  - FBSnapshotTestCase/Core (2.1.0)
  - FBSnapshotTestCase/SwiftSupport (2.1.0):
    - FBSnapshotTestCase/Core
  - NSString-Helper (1.0.5)

DEPENDENCIES:
  - FBSnapshotTestCase
  - NSString-Helper (from `../`)

EXTERNAL SOURCES:
  NSString-Helper:
    :path: ../

SPEC CHECKSUMS:
  FBSnapshotTestCase: 366ecd378511d7716c79991cd8067d1eed23578d
  NSString-Helper: 459e1b6a62b3bf7db10f01b0d102548608e945c4

COCOAPODS: 0.39.0
